# This file is autogenerated, do not edit; changes may be undone by the next 'dep ensure'.


[[projects]]
  branch = "master"
  digest = "1:750f2105943e757d5fd8e7bf7a9456ad3ea2d87dc9e3ee178a7106039c263426"
  name = "github.com/Roverr/hotstreak"
  packages = ["."]
  pruneopts = "UT"
  revision = "f59bf01e31e7019b4679aec7cb6c44fee6cdd1c9"

[[projects]]
  digest = "1:b1d26f7aaa109b980a070461d1ad6885d65ef2caf2c88945457fb75088c9689f"
  name = "github.com/brianvoe/gofakeit"
  packages = [
    ".",
    "data",
  ]
  pruneopts = "UT"
  revision = "ef77ecfb7975a2dab29decab86e4e6a1529e3963"
  version = "v3.15.0"

[[projects]]
  digest = "1:ffe9824d294da03b391f44e1ae8281281b4afc1bdaa9588c9097785e3af10cec"
  name = "github.com/davecgh/go-spew"
  packages = ["spew"]
  pruneopts = "UT"
  revision = "8991bc29aa16c548c550c7ff78260e27b9ab7c73"
  version = "v1.1.1"

[[projects]]
  digest = "1:76dc72490af7174349349838f2fe118996381b31ea83243812a97e5a0fd5ed55"
  name = "github.com/dgrijalva/jwt-go"
  packages = ["."]
  pruneopts = "UT"
  revision = "06ea1031745cb8b3dab3f6a236daf2b0aa468b7e"
  version = "v3.2.0"

[[projects]]
  digest = "1:f97285a3b0a496dcf8801072622230d513f69175665d94de60eb042d03387f6c"
  name = "github.com/julienschmidt/httprouter"
  packages = ["."]
  pruneopts = "UT"
  revision = "348b672cd90d8190f8240323e372ecd1e66b59dc"
  version = "v1.2.0"

[[projects]]
  digest = "1:edbef42561faa44c19129b68d1e109fbc1647f63239250391eadc8d0e7c9f669"
  name = "github.com/kelseyhightower/envconfig"
  packages = ["."]
  pruneopts = "UT"
  revision = "f611eb38b3875cc3bd991ca91c51d06446afa14c"
  version = "v1.3.0"

[[projects]]
  digest = "1:e30ac47ee84d7d354e0a284cf742e3015400667e90aa3d6ae99c7a55da67c645"
  name = "github.com/kennygrant/sanitize"
  packages = ["."]
  pruneopts = "UT"
  revision = "06ec0d0dbcd497d01e5189b16f5263f712e61a8e"
  version = "v1.2.4"

[[projects]]
  digest = "1:0a69a1c0db3591fcefb47f115b224592c8dfa4368b7ba9fae509d5e16cdc95c8"
  name = "github.com/konsorten/go-windows-terminal-sequences"
  packages = ["."]
  pruneopts = "UT"
  revision = "5c8c8bd35d3832f5d134ae1e1e375b69a4d25242"
  version = "v1.0.1"

[[projects]]
  digest = "1:0028cb19b2e4c3112225cd871870f2d9cf49b9b4276531f03438a88e94be86fe"
  name = "github.com/pmezard/go-difflib"
  packages = ["difflib"]
  pruneopts = "UT"
  revision = "792786c7400a136282c1664665ae0a8db921c6c2"
  version = "v1.0.0"

[[projects]]
  digest = "1:b0c25f00bad20d783d259af2af8666969e2fc343fa0dc9efe52936bbd67fb758"
  name = "github.com/rs/cors"
  packages = ["."]
  pruneopts = "UT"
  revision = "9a47f48565a795472d43519dd49aac781f3034fb"
  version = "v1.6.0"

[[projects]]
  digest = "1:69b1cc331fca23d702bd72f860c6a647afd0aa9fcbc1d0659b1365e26546dd70"
  name = "github.com/sirupsen/logrus"
  packages = ["."]
  pruneopts = "UT"
  revision = "bcd833dfe83d3cebad139e4a29ed79cb2318bf95"
  version = "v1.2.0"

[[projects]]
  digest = "1:18752d0b95816a1b777505a97f71c7467a8445b8ffb55631a7bf779f6ba4fa83"
  name = "github.com/stretchr/testify"
  packages = ["assert"]
  pruneopts = "UT"
  revision = "f35b8ab0b5a2cef36673838d662e249dd9c94686"
  version = "v1.2.2"

[[projects]]
  branch = "master"
  digest = "1:3f3a05ae0b95893d90b9b3b5afdb79a9b3d96e4e36e099d841ae602e4aca0da8"
  name = "golang.org/x/crypto"
  packages = ["ssh/terminal"]
  pruneopts = "UT"
  revision = "3d3f9f413869b949e48070b5bc593aa22cc2b8f2"

[[projects]]
  branch = "master"
  digest = "1:1a1ecfa7b54ca3f7a0115ab5c578d7d6a5d8b605839c549e80260468c42f8be7"
  name = "golang.org/x/net"
  packages = [
    "html",
    "html/atom",
  ]
  pruneopts = "UT"
  revision = "927f97764cc334a6575f4b7a1584a147864d5723"

[[projects]]
  branch = "master"
  digest = "1:a089387bbfcfa884e5aafeebb85929993195bb8959766b1d20102841d47e0b0e"
  name = "golang.org/x/sys"
  packages = [
    "unix",
    "windows",
  ]
  pruneopts = "UT"
  revision = "93218def8b18e66adbdab3eca8ec334700329f1f"

[solve-meta]
  analyzer-name = "dep"
  analyzer-version = 1
  input-imports = [
    "github.com/Roverr/hotstreak",
    "github.com/brianvoe/gofakeit",
    "github.com/dgrijalva/jwt-go",
    "github.com/julienschmidt/httprouter",
    "github.com/kelseyhightower/envconfig",
    "github.com/kennygrant/sanitize",
    "github.com/rs/cors",
    "github.com/sirupsen/logrus",
    "github.com/stretchr/testify/assert",
  ]
  solver-name = "gps-cdcl"
  solver-version = 1
